
Microsoft Visual Studio Solution File, Format Version 12.00
# Visual Studio 15
VisualStudioVersion = 15.0.26124.0
MinimumVisualStudioVersion = 15.0.26124.0
Project("{2150E333-8FDC-42A3-9474-1A3956D46DE8}") = "src", "src", "{7CC9C619-1AEA-40BA-8FA8-6F28F9E58095}"
EndProject
Project("{FAE04EC0-301F-11D3-BF4B-00C04F79EFBC}") = "SampleExam", "src\SampleExam\SampleExam.csproj", "{EC4892C1-4D71-406C-90FB-0E914B3FE9DF}"
EndProject
Project("{2150E333-8FDC-42A3-9474-1A3956D46DE8}") = "tests", "tests", "{0A93F729-100F-4DB3-BE65-B4348E6EB262}"
EndProject
Project("{FAE04EC0-301F-11D3-BF4B-00C04F79EFBC}") = "SampleExamUnitTests", "tests\SampleExamUnitTests\SampleExamUnitTests.csproj", "{18DB7577-09DA-4AE7-9C54-D55231B0EF24}"
EndProject
Project("{FAE04EC0-301F-11D3-BF4B-00C04F79EFBC}") = "SampleExamIntegrationTests", "tests\SampleExamIntegrationTests\SampleExamIntegrationTests.csproj", "{BE128139-8E49-47EC-A89A-95CC9653118D}"
EndProject
Global
	GlobalSection(SolutionConfigurationPlatforms) = preSolution
		Debug|Any CPU = Debug|Any CPU
		Debug|x64 = Debug|x64
		Debug|x86 = Debug|x86
		Release|Any CPU = Release|Any CPU
		Release|x64 = Release|x64
		Release|x86 = Release|x86
	EndGlobalSection
	GlobalSection(SolutionProperties) = preSolution
		HideSolutionNode = FALSE
	EndGlobalSection
	GlobalSection(ProjectConfigurationPlatforms) = postSolution
		{EC4892C1-4D71-406C-90FB-0E914B3FE9DF}.Debug|Any CPU.ActiveCfg = Debug|Any CPU
		{EC4892C1-4D71-406C-90FB-0E914B3FE9DF}.Debug|Any CPU.Build.0 = Debug|Any CPU
		{EC4892C1-4D71-406C-90FB-0E914B3FE9DF}.Debug|x64.ActiveCfg = Debug|Any CPU
		{EC4892C1-4D71-406C-90FB-0E914B3FE9DF}.Debug|x64.Build.0 = Debug|Any CPU
		{EC4892C1-4D71-406C-90FB-0E914B3FE9DF}.Debug|x86.ActiveCfg = Debug|Any CPU
		{EC4892C1-4D71-406C-90FB-0E914B3FE9DF}.Debug|x86.Build.0 = Debug|Any CPU
		{EC4892C1-4D71-406C-90FB-0E914B3FE9DF}.Release|Any CPU.ActiveCfg = Release|Any CPU
		{EC4892C1-4D71-406C-90FB-0E914B3FE9DF}.Release|Any CPU.Build.0 = Release|Any CPU
		{EC4892C1-4D71-406C-90FB-0E914B3FE9DF}.Release|x64.ActiveCfg = Release|Any CPU
		{EC4892C1-4D71-406C-90FB-0E914B3FE9DF}.Release|x64.Build.0 = Release|Any CPU
		{EC4892C1-4D71-406C-90FB-0E914B3FE9DF}.Release|x86.ActiveCfg = Release|Any CPU
		{EC4892C1-4D71-406C-90FB-0E914B3FE9DF}.Release|x86.Build.0 = Release|Any CPU
		{18DB7577-09DA-4AE7-9C54-D55231B0EF24}.Debug|Any CPU.ActiveCfg = Debug|Any CPU
		{18DB7577-09DA-4AE7-9C54-D55231B0EF24}.Debug|Any CPU.Build.0 = Debug|Any CPU
		{18DB7577-09DA-4AE7-9C54-D55231B0EF24}.Debug|x64.ActiveCfg = Debug|Any CPU
		{18DB7577-09DA-4AE7-9C54-D55231B0EF24}.Debug|x64.Build.0 = Debug|Any CPU
		{18DB7577-09DA-4AE7-9C54-D55231B0EF24}.Debug|x86.ActiveCfg = Debug|Any CPU
		{18DB7577-09DA-4AE7-9C54-D55231B0EF24}.Debug|x86.Build.0 = Debug|Any CPU
		{18DB7577-09DA-4AE7-9C54-D55231B0EF24}.Release|Any CPU.ActiveCfg = Release|Any CPU
		{18DB7577-09DA-4AE7-9C54-D55231B0EF24}.Release|Any CPU.Build.0 = Release|Any CPU
		{18DB7577-09DA-4AE7-9C54-D55231B0EF24}.Release|x64.ActiveCfg = Release|Any CPU
		{18DB7577-09DA-4AE7-9C54-D55231B0EF24}.Release|x64.Build.0 = Release|Any CPU
		{18DB7577-09DA-4AE7-9C54-D55231B0EF24}.Release|x86.ActiveCfg = Release|Any CPU
		{18DB7577-09DA-4AE7-9C54-D55231B0EF24}.Release|x86.Build.0 = Release|Any CPU
		{BE128139-8E49-47EC-A89A-95CC9653118D}.Debug|Any CPU.ActiveCfg = Debug|Any CPU
		{BE128139-8E49-47EC-A89A-95CC9653118D}.Debug|Any CPU.Build.0 = Debug|Any CPU
		{BE128139-8E49-47EC-A89A-95CC9653118D}.Debug|x64.ActiveCfg = Debug|Any CPU
		{BE128139-8E49-47EC-A89A-95CC9653118D}.Debug|x64.Build.0 = Debug|Any CPU
		{BE128139-8E49-47EC-A89A-95CC9653118D}.Debug|x86.ActiveCfg = Debug|Any CPU
		{BE128139-8E49-47EC-A89A-95CC9653118D}.Debug|x86.Build.0 = Debug|Any CPU
		{BE128139-8E49-47EC-A89A-95CC9653118D}.Release|Any CPU.ActiveCfg = Release|Any CPU
		{BE128139-8E49-47EC-A89A-95CC9653118D}.Release|Any CPU.Build.0 = Release|Any CPU
		{BE128139-8E49-47EC-A89A-95CC9653118D}.Release|x64.ActiveCfg = Release|Any CPU
		{BE128139-8E49-47EC-A89A-95CC9653118D}.Release|x64.Build.0 = Release|Any CPU
		{BE128139-8E49-47EC-A89A-95CC9653118D}.Release|x86.ActiveCfg = Release|Any CPU
		{BE128139-8E49-47EC-A89A-95CC9653118D}.Release|x86.Build.0 = Release|Any CPU
	EndGlobalSection
	GlobalSection(NestedProjects) = preSolution
		{EC4892C1-4D71-406C-90FB-0E914B3FE9DF} = {7CC9C619-1AEA-40BA-8FA8-6F28F9E58095}
		{18DB7577-09DA-4AE7-9C54-D55231B0EF24} = {0A93F729-100F-4DB3-BE65-B4348E6EB262}
		{BE128139-8E49-47EC-A89A-95CC9653118D} = {0A93F729-100F-4DB3-BE65-B4348E6EB262}
	EndGlobalSection
EndGlobal
